// !$*UTF8*$!
{
	archiveVersion = 1;
	classes = {
	};
	objectVersion = 51;
	objects = {

/* Begin PBXBuildFile section */
		497431B12678C6E300B26633 /* NetworkService.swift in Sources */ = {isa = PBXBuildFile; fileRef = 497431B02678C6E300B26633 /* NetworkService.swift */; };
		497431B32678C81400B26633 /* API.swift in Sources */ = {isa = PBXBuildFile; fileRef = 497431B22678C81400B26633 /* API.swift */; };
		4988EBA42679E88D00BA3835 /* FeedResponse.swift in Sources */ = {isa = PBXBuildFile; fileRef = 4988EBA32679E88D00BA3835 /* FeedResponse.swift */; };
		4988EBA62679EC4600BA3835 /* NetworkDataFetcher.swift in Sources */ = {isa = PBXBuildFile; fileRef = 4988EBA52679EC4600BA3835 /* NetworkDataFetcher.swift */; };
		4994EC60267A008F0076B4B2 /* NewsfeedPresenter.swift in Sources */ = {isa = PBXBuildFile; fileRef = 4994EC59267A008F0076B4B2 /* NewsfeedPresenter.swift */; };
		4994EC61267A008F0076B4B2 /* NewsfeedWorker.swift in Sources */ = {isa = PBXBuildFile; fileRef = 4994EC5A267A008F0076B4B2 /* NewsfeedWorker.swift */; };
		4994EC62267A008F0076B4B2 /* NewsfeedRouter.swift in Sources */ = {isa = PBXBuildFile; fileRef = 4994EC5B267A008F0076B4B2 /* NewsfeedRouter.swift */; };
		4994EC63267A008F0076B4B2 /* NewsfeedModels.swift in Sources */ = {isa = PBXBuildFile; fileRef = 4994EC5C267A008F0076B4B2 /* NewsfeedModels.swift */; };
		4994EC64267A008F0076B4B2 /* NewsfeedViewController.swift in Sources */ = {isa = PBXBuildFile; fileRef = 4994EC5D267A008F0076B4B2 /* NewsfeedViewController.swift */; };
		4994EC65267A008F0076B4B2 /* NewsfeedInteractor.swift in Sources */ = {isa = PBXBuildFile; fileRef = 4994EC5E267A008F0076B4B2 /* NewsfeedInteractor.swift */; };
		4994EC68267A045F0076B4B2 /* NewsfeedViewController.storyboard in Resources */ = {isa = PBXBuildFile; fileRef = 4994EC67267A045F0076B4B2 /* NewsfeedViewController.storyboard */; };
		4994EC6B267A0C1D0076B4B2 /* NewsfeedCell.swift in Sources */ = {isa = PBXBuildFile; fileRef = 4994EC6A267A0C1D0076B4B2 /* NewsfeedCell.swift */; };
		4994EC6F267A0C990076B4B2 /* NewsfeedCell.xib in Resources */ = {isa = PBXBuildFile; fileRef = 4994EC6E267A0C990076B4B2 /* NewsfeedCell.xib */; };
		4994EC72267A37E60076B4B2 /* WebImageView.swift in Sources */ = {isa = PBXBuildFile; fileRef = 4994EC71267A37E60076B4B2 /* WebImageView.swift */; };
		4994EC74267A80640076B4B2 /* NewsfeedCellLayoutCalculator.swift in Sources */ = {isa = PBXBuildFile; fileRef = 4994EC73267A80640076B4B2 /* NewsfeedCellLayoutCalculator.swift */; };
		4994EC76267A8C3D0076B4B2 /* String+Height.swift in Sources */ = {isa = PBXBuildFile; fileRef = 4994EC75267A8C3D0076B4B2 /* String+Height.swift */; };
		49A167BD2678961C009656AE /* AppDelegate.swift in Sources */ = {isa = PBXBuildFile; fileRef = 49A167BC2678961C009656AE /* AppDelegate.swift */; };
		49A167BF2678961C009656AE /* SceneDelegate.swift in Sources */ = {isa = PBXBuildFile; fileRef = 49A167BE2678961C009656AE /* SceneDelegate.swift */; };
		49A167C12678961C009656AE /* AuthViewController.swift in Sources */ = {isa = PBXBuildFile; fileRef = 49A167C02678961C009656AE /* AuthViewController.swift */; };
		49A167C62678961D009656AE /* Assets.xcassets in Resources */ = {isa = PBXBuildFile; fileRef = 49A167C52678961D009656AE /* Assets.xcassets */; };
		49A167C92678961D009656AE /* LaunchScreen.storyboard in Resources */ = {isa = PBXBuildFile; fileRef = 49A167C72678961D009656AE /* LaunchScreen.storyboard */; };
		49A167D126789872009656AE /* AuthService.swift in Sources */ = {isa = PBXBuildFile; fileRef = 49A167D026789872009656AE /* AuthService.swift */; };
		49A167D42678A0A3009656AE /* AuthViewController.storyboard in Resources */ = {isa = PBXBuildFile; fileRef = 49A167D32678A0A3009656AE /* AuthViewController.storyboard */; };
		B7050E16FDD7866C59C22345 /* Pods_VKFeed.framework in Frameworks */ = {isa = PBXBuildFile; fileRef = 8EC6729BFB7CED24FB11FFCD /* Pods_VKFeed.framework */; };
/* End PBXBuildFile section */

/* Begin PBXFileReference section */
		497431B02678C6E300B26633 /* NetworkService.swift */ = {isa = PBXFileReference; lastKnownFileType = sourcecode.swift; path = NetworkService.swift; sourceTree = "<group>"; };
		497431B22678C81400B26633 /* API.swift */ = {isa = PBXFileReference; lastKnownFileType = sourcecode.swift; path = API.swift; sourceTree = "<group>"; };
		4988EBA32679E88D00BA3835 /* FeedResponse.swift */ = {isa = PBXFileReference; lastKnownFileType = sourcecode.swift; path = FeedResponse.swift; sourceTree = "<group>"; };
		4988EBA52679EC4600BA3835 /* NetworkDataFetcher.swift */ = {isa = PBXFileReference; lastKnownFileType = sourcecode.swift; path = NetworkDataFetcher.swift; sourceTree = "<group>"; };
		4994EC59267A008F0076B4B2 /* NewsfeedPresenter.swift */ = {isa = PBXFileReference; lastKnownFileType = sourcecode.swift; path = NewsfeedPresenter.swift; sourceTree = "<group>"; };
		4994EC5A267A008F0076B4B2 /* NewsfeedWorker.swift */ = {isa = PBXFileReference; lastKnownFileType = sourcecode.swift; path = NewsfeedWorker.swift; sourceTree = "<group>"; };
		4994EC5B267A008F0076B4B2 /* NewsfeedRouter.swift */ = {isa = PBXFileReference; lastKnownFileType = sourcecode.swift; path = NewsfeedRouter.swift; sourceTree = "<group>"; };
		4994EC5C267A008F0076B4B2 /* NewsfeedModels.swift */ = {isa = PBXFileReference; lastKnownFileType = sourcecode.swift; path = NewsfeedModels.swift; sourceTree = "<group>"; };
		4994EC5D267A008F0076B4B2 /* NewsfeedViewController.swift */ = {isa = PBXFileReference; lastKnownFileType = sourcecode.swift; path = NewsfeedViewController.swift; sourceTree = "<group>"; };
		4994EC5E267A008F0076B4B2 /* NewsfeedInteractor.swift */ = {isa = PBXFileReference; lastKnownFileType = sourcecode.swift; path = NewsfeedInteractor.swift; sourceTree = "<group>"; };
		4994EC67267A045F0076B4B2 /* NewsfeedViewController.storyboard */ = {isa = PBXFileReference; lastKnownFileType = file.storyboard; path = NewsfeedViewController.storyboard; sourceTree = "<group>"; };
		4994EC6A267A0C1D0076B4B2 /* NewsfeedCell.swift */ = {isa = PBXFileReference; lastKnownFileType = sourcecode.swift; path = NewsfeedCell.swift; sourceTree = "<group>"; };
		4994EC6E267A0C990076B4B2 /* NewsfeedCell.xib */ = {isa = PBXFileReference; lastKnownFileType = file.xib; path = NewsfeedCell.xib; sourceTree = "<group>"; };
		4994EC71267A37E60076B4B2 /* WebImageView.swift */ = {isa = PBXFileReference; lastKnownFileType = sourcecode.swift; path = WebImageView.swift; sourceTree = "<group>"; };
		4994EC73267A80640076B4B2 /* NewsfeedCellLayoutCalculator.swift */ = {isa = PBXFileReference; lastKnownFileType = sourcecode.swift; path = NewsfeedCellLayoutCalculator.swift; sourceTree = "<group>"; };
		4994EC75267A8C3D0076B4B2 /* String+Height.swift */ = {isa = PBXFileReference; lastKnownFileType = sourcecode.swift; path = "String+Height.swift"; sourceTree = "<group>"; };
		49A167B92678961C009656AE /* VKFeed.app */ = {isa = PBXFileReference; explicitFileType = wrapper.application; includeInIndex = 0; path = VKFeed.app; sourceTree = BUILT_PRODUCTS_DIR; };
		49A167BC2678961C009656AE /* AppDelegate.swift */ = {isa = PBXFileReference; lastKnownFileType = sourcecode.swift; path = AppDelegate.swift; sourceTree = "<group>"; };
		49A167BE2678961C009656AE /* SceneDelegate.swift */ = {isa = PBXFileReference; lastKnownFileType = sourcecode.swift; path = SceneDelegate.swift; sourceTree = "<group>"; };
		49A167C02678961C009656AE /* AuthViewController.swift */ = {isa = PBXFileReference; lastKnownFileType = sourcecode.swift; path = AuthViewController.swift; sourceTree = "<group>"; };
		49A167C52678961D009656AE /* Assets.xcassets */ = {isa = PBXFileReference; lastKnownFileType = folder.assetcatalog; path = Assets.xcassets; sourceTree = "<group>"; };
		49A167C82678961D009656AE /* Base */ = {isa = PBXFileReference; lastKnownFileType = file.storyboard; name = Base; path = Base.lproj/LaunchScreen.storyboard; sourceTree = "<group>"; };
		49A167CA2678961D009656AE /* Info.plist */ = {isa = PBXFileReference; lastKnownFileType = text.plist.xml; path = Info.plist; sourceTree = "<group>"; };
		49A167D026789872009656AE /* AuthService.swift */ = {isa = PBXFileReference; lastKnownFileType = sourcecode.swift; path = AuthService.swift; sourceTree = "<group>"; };
		49A167D32678A0A3009656AE /* AuthViewController.storyboard */ = {isa = PBXFileReference; lastKnownFileType = file.storyboard; path = AuthViewController.storyboard; sourceTree = "<group>"; };
		52E5B665732C0B854881594A /* Pods-VKFeed.release.xcconfig */ = {isa = PBXFileReference; includeInIndex = 1; lastKnownFileType = text.xcconfig; name = "Pods-VKFeed.release.xcconfig"; path = "Target Support Files/Pods-VKFeed/Pods-VKFeed.release.xcconfig"; sourceTree = "<group>"; };
		63E0992474B9208D1273C9CB /* Pods-VKFeed.debug.xcconfig */ = {isa = PBXFileReference; includeInIndex = 1; lastKnownFileType = text.xcconfig; name = "Pods-VKFeed.debug.xcconfig"; path = "Target Support Files/Pods-VKFeed/Pods-VKFeed.debug.xcconfig"; sourceTree = "<group>"; };
		8EC6729BFB7CED24FB11FFCD /* Pods_VKFeed.framework */ = {isa = PBXFileReference; explicitFileType = wrapper.framework; includeInIndex = 0; path = Pods_VKFeed.framework; sourceTree = BUILT_PRODUCTS_DIR; };
/* End PBXFileReference section */

/* Begin PBXFrameworksBuildPhase section */
		49A167B62678961C009656AE /* Frameworks */ = {
			isa = PBXFrameworksBuildPhase;
			buildActionMask = 2147483647;
			files = (
				B7050E16FDD7866C59C22345 /* Pods_VKFeed.framework in Frameworks */,
			);
			runOnlyForDeploymentPostprocessing = 0;
		};
/* End PBXFrameworksBuildPhase section */

/* Begin PBXGroup section */
		369A21235A7F6D76F9CE99BA /* Pods */ = {
			isa = PBXGroup;
			children = (
				63E0992474B9208D1273C9CB /* Pods-VKFeed.debug.xcconfig */,
				52E5B665732C0B854881594A /* Pods-VKFeed.release.xcconfig */,
			);
			path = Pods;
			sourceTree = "<group>";
		};
		497431AF2678AE2F00B26633 /* AuthViewController */ = {
			isa = PBXGroup;
			children = (
				49A167C02678961C009656AE /* AuthViewController.swift */,
				49A167D32678A0A3009656AE /* AuthViewController.storyboard */,
			);
			path = AuthViewController;
			sourceTree = "<group>";
		};
		4988EBA22679E87800BA3835 /* Models */ = {
			isa = PBXGroup;
			children = (
				4988EBA32679E88D00BA3835 /* FeedResponse.swift */,
			);
			path = Models;
			sourceTree = "<group>";
		};
		4994EC58267A00410076B4B2 /* Newsfeed */ = {
			isa = PBXGroup;
			children = (
				4994EC69267A0C0D0076B4B2 /* Cell */,
				4994EC67267A045F0076B4B2 /* NewsfeedViewController.storyboard */,
				4994EC5D267A008F0076B4B2 /* NewsfeedViewController.swift */,
				4994EC5E267A008F0076B4B2 /* NewsfeedInteractor.swift */,
				4994EC59267A008F0076B4B2 /* NewsfeedPresenter.swift */,
				4994EC5C267A008F0076B4B2 /* NewsfeedModels.swift */,
				4994EC5A267A008F0076B4B2 /* NewsfeedWorker.swift */,
				4994EC5B267A008F0076B4B2 /* NewsfeedRouter.swift */,
			);
			path = Newsfeed;
			sourceTree = "<group>";
		};
		4994EC69267A0C0D0076B4B2 /* Cell */ = {
			isa = PBXGroup;
			children = (
				4994EC6A267A0C1D0076B4B2 /* NewsfeedCell.swift */,
				4994EC73267A80640076B4B2 /* NewsfeedCellLayoutCalculator.swift */,
				4994EC6E267A0C990076B4B2 /* NewsfeedCell.xib */,
			);
			path = Cell;
			sourceTree = "<group>";
		};
		4994EC70267A37C40076B4B2 /* Helpers */ = {
			isa = PBXGroup;
			children = (
				4994EC71267A37E60076B4B2 /* WebImageView.swift */,
				4994EC75267A8C3D0076B4B2 /* String+Height.swift */,
			);
			path = Helpers;
			sourceTree = "<group>";
		};
		49A167B02678961C009656AE = {
			isa = PBXGroup;
			children = (
				49A167BB2678961C009656AE /* VKFeed */,
				49A167BA2678961C009656AE /* Products */,
				369A21235A7F6D76F9CE99BA /* Pods */,
				D6F4EADFCB359202C949C24E /* Frameworks */,
			);
			sourceTree = "<group>";
		};
		49A167BA2678961C009656AE /* Products */ = {
			isa = PBXGroup;
			children = (
				49A167B92678961C009656AE /* VKFeed.app */,
			);
			name = Products;
			sourceTree = "<group>";
		};
		49A167BB2678961C009656AE /* VKFeed */ = {
			isa = PBXGroup;
			children = (
				49A167BC2678961C009656AE /* AppDelegate.swift */,
				49A167BE2678961C009656AE /* SceneDelegate.swift */,
				49A167D226789878009656AE /* Services */,
				497431AF2678AE2F00B26633 /* AuthViewController */,
				4994EC58267A00410076B4B2 /* Newsfeed */,
				4994EC70267A37C40076B4B2 /* Helpers */,
				49A167C52678961D009656AE /* Assets.xcassets */,
				49A167C72678961D009656AE /* LaunchScreen.storyboard */,
				49A167CA2678961D009656AE /* Info.plist */,
			);
			path = VKFeed;
			sourceTree = "<group>";
		};
		49A167D226789878009656AE /* Services */ = {
			isa = PBXGroup;
			children = (
				4988EBA22679E87800BA3835 /* Models */,
				49A167D026789872009656AE /* AuthService.swift */,
				497431B02678C6E300B26633 /* NetworkService.swift */,
				4988EBA52679EC4600BA3835 /* NetworkDataFetcher.swift */,
				497431B22678C81400B26633 /* API.swift */,
			);
			path = Services;
			sourceTree = "<group>";
		};
		D6F4EADFCB359202C949C24E /* Frameworks */ = {
			isa = PBXGroup;
			children = (
				8EC6729BFB7CED24FB11FFCD /* Pods_VKFeed.framework */,
			);
			name = Frameworks;
			sourceTree = "<group>";
		};
/* End PBXGroup section */

/* Begin PBXNativeTarget section */
		49A167B82678961C009656AE /* VKFeed */ = {
			isa = PBXNativeTarget;
			buildConfigurationList = 49A167CD2678961D009656AE /* Build configuration list for PBXNativeTarget "VKFeed" */;
			buildPhases = (
				F685F9ACAC2588570550166D /* [CP] Check Pods Manifest.lock */,
				49A167B52678961C009656AE /* Sources */,
				49A167B62678961C009656AE /* Frameworks */,
				49A167B72678961C009656AE /* Resources */,
				9F4FBACF8E548C0E5F79C212 /* [CP] Embed Pods Frameworks */,
			);
			buildRules = (
			);
			dependencies = (
			);
			name = VKFeed;
			productName = VKFeed;
			productReference = 49A167B92678961C009656AE /* VKFeed.app */;
			productType = "com.apple.product-type.application";
		};
/* End PBXNativeTarget section */

/* Begin PBXProject section */
		49A167B12678961C009656AE /* Project object */ = {
			isa = PBXProject;
			attributes = {
				LastSwiftUpdateCheck = 1250;
				LastUpgradeCheck = 1250;
				TargetAttributes = {
					49A167B82678961C009656AE = {
						CreatedOnToolsVersion = 12.5;
					};
				};
			};
			buildConfigurationList = 49A167B42678961C009656AE /* Build configuration list for PBXProject "VKFeed" */;
			compatibilityVersion = "Xcode 9.3";
			developmentRegion = en;
			hasScannedForEncodings = 0;
			knownRegions = (
				en,
				Base,
			);
			mainGroup = 49A167B02678961C009656AE;
			productRefGroup = 49A167BA2678961C009656AE /* Products */;
			projectDirPath = "";
			projectRoot = "";
			targets = (
				49A167B82678961C009656AE /* VKFeed */,
			);
		};
/* End PBXProject section */

/* Begin PBXResourcesBuildPhase section */
		49A167B72678961C009656AE /* Resources */ = {
			isa = PBXResourcesBuildPhase;
			buildActionMask = 2147483647;
			files = (
				49A167C92678961D009656AE /* LaunchScreen.storyboard in Resources */,
				49A167D42678A0A3009656AE /* AuthViewController.storyboard in Resources */,
				4994EC68267A045F0076B4B2 /* NewsfeedViewController.storyboard in Resources */,
				49A167C62678961D009656AE /* Assets.xcassets in Resources */,
				4994EC6F267A0C990076B4B2 /* NewsfeedCell.xib in Resources */,
			);
			runOnlyForDeploymentPostprocessing = 0;
		};
/* End PBXResourcesBuildPhase section */

/* Begin PBXShellScriptBuildPhase section */
		9F4FBACF8E548C0E5F79C212 /* [CP] Embed Pods Frameworks */ = {
			isa = PBXShellScriptBuildPhase;
			buildActionMask = 2147483647;
			files = (
			);
			inputFileListPaths = (
				"${PODS_ROOT}/Target Support Files/Pods-VKFeed/Pods-VKFeed-frameworks-${CONFIGURATION}-input-files.xcfilelist",
			);
			name = "[CP] Embed Pods Frameworks";
			outputFileListPaths = (
				"${PODS_ROOT}/Target Support Files/Pods-VKFeed/Pods-VKFeed-frameworks-${CONFIGURATION}-output-files.xcfilelist",
			);
			runOnlyForDeploymentPostprocessing = 0;
			shellPath = /bin/sh;
			shellScript = "\"${PODS_ROOT}/Target Support Files/Pods-VKFeed/Pods-VKFeed-frameworks.sh\"\n";
			showEnvVarsInLog = 0;
		};
		F685F9ACAC2588570550166D /* [CP] Check Pods Manifest.lock */ = {
			isa = PBXShellScriptBuildPhase;
			buildActionMask = 2147483647;
			files = (
			);
			inputFileListPaths = (
			);
			inputPaths = (
				"${PODS_PODFILE_DIR_PATH}/Podfile.lock",
				"${PODS_ROOT}/Manifest.lock",
			);
			name = "[CP] Check Pods Manifest.lock";
			outputFileListPaths = (
			);
			outputPaths = (
				"$(DERIVED_FILE_DIR)/Pods-VKFeed-checkManifestLockResult.txt",
			);
			runOnlyForDeploymentPostprocessing = 0;
			shellPath = /bin/sh;
			shellScript = "diff \"${PODS_PODFILE_DIR_PATH}/Podfile.lock\" \"${PODS_ROOT}/Manifest.lock\" > /dev/null\nif [ $? != 0 ] ; then\n    # print error to STDERR\n    echo \"error: The sandbox is not in sync with the Podfile.lock. Run 'pod install' or update your CocoaPods installation.\" >&2\n    exit 1\nfi\n# This output is used by Xcode 'outputs' to avoid re-running this script phase.\necho \"SUCCESS\" > \"${SCRIPT_OUTPUT_FILE_0}\"\n";
			showEnvVarsInLog = 0;
		};
/* End PBXShellScriptBuildPhase section */

/* Begin PBXSourcesBuildPhase section */
		49A167B52678961C009656AE /* Sources */ = {
			isa = PBXSourcesBuildPhase;
			buildActionMask = 2147483647;
			files = (
				4988EBA42679E88D00BA3835 /* FeedResponse.swift in Sources */,
				4994EC72267A37E60076B4B2 /* WebImageView.swift in Sources */,
				4994EC64267A008F0076B4B2 /* NewsfeedViewController.swift in Sources */,
				49A167C12678961C009656AE /* AuthViewController.swift in Sources */,
				49A167BD2678961C009656AE /* AppDelegate.swift in Sources */,
				4994EC60267A008F0076B4B2 /* NewsfeedPresenter.swift in Sources */,
				4994EC62267A008F0076B4B2 /* NewsfeedRouter.swift in Sources */,
				49A167BF2678961C009656AE /* SceneDelegate.swift in Sources */,
				497431B12678C6E300B26633 /* NetworkService.swift in Sources */,
				4994EC74267A80640076B4B2 /* NewsfeedCellLayoutCalculator.swift in Sources */,
				4994EC63267A008F0076B4B2 /* NewsfeedModels.swift in Sources */,
				4988EBA62679EC4600BA3835 /* NetworkDataFetcher.swift in Sources */,
				4994EC61267A008F0076B4B2 /* NewsfeedWorker.swift in Sources */,
				49A167D126789872009656AE /* AuthService.swift in Sources */,
				497431B32678C81400B26633 /* API.swift in Sources */,
				4994EC76267A8C3D0076B4B2 /* String+Height.swift in Sources */,
				4994EC6B267A0C1D0076B4B2 /* NewsfeedCell.swift in Sources */,
				4994EC65267A008F0076B4B2 /* NewsfeedInteractor.swift in Sources */,
			);
			runOnlyForDeploymentPostprocessing = 0;
		};
/* End PBXSourcesBuildPhase section */

/* Begin PBXVariantGroup section */
		49A167C72678961D009656AE /* LaunchScreen.storyboard */ = {
			isa = PBXVariantGroup;
			children = (
				49A167C82678961D009656AE /* Base */,
			);
			name = LaunchScreen.storyboard;
			sourceTree = "<group>";
		};
/* End PBXVariantGroup section */

/* Begin XCBuildConfiguration section */
		49A167CB2678961D009656AE /* Debug */ = {
			isa = XCBuildConfiguration;
			buildSettings = {
				ALWAYS_SEARCH_USER_PATHS = NO;
				CLANG_ANALYZER_NONNULL = YES;
				CLANG_ANALYZER_NUMBER_OBJECT_CONVERSION = YES_AGGRESSIVE;
				CLANG_CXX_LANGUAGE_STANDARD = "gnu++14";
				CLANG_CXX_LIBRARY = "libc++";
				CLANG_ENABLE_MODULES = YES;
				CLANG_ENABLE_OBJC_ARC = YES;
				CLANG_ENABLE_OBJC_WEAK = YES;
				CLANG_WARN_BLOCK_CAPTURE_AUTORELEASING = YES;
				CLANG_WARN_BOOL_CONVERSION = YES;
				CLANG_WARN_COMMA = YES;
				CLANG_WARN_CONSTANT_CONVERSION = YES;
				CLANG_WARN_DEPRECATED_OBJC_IMPLEMENTATIONS = YES;
				CLANG_WARN_DIRECT_OBJC_ISA_USAGE = YES_ERROR;
				CLANG_WARN_DOCUMENTATION_COMMENTS = YES;
				CLANG_WARN_EMPTY_BODY = YES;
				CLANG_WARN_ENUM_CONVERSION = YES;
				CLANG_WARN_INFINITE_RECURSION = YES;
				CLANG_WARN_INT_CONVERSION = YES;
				CLANG_WARN_NON_LITERAL_NULL_CONVERSION = YES;
				CLANG_WARN_OBJC_IMPLICIT_RETAIN_SELF = YES;
				CLANG_WARN_OBJC_LITERAL_CONVERSION = YES;
				CLANG_WARN_OBJC_ROOT_CLASS = YES_ERROR;
				CLANG_WARN_QUOTED_INCLUDE_IN_FRAMEWORK_HEADER = YES;
				CLANG_WARN_RANGE_LOOP_ANALYSIS = YES;
				CLANG_WARN_STRICT_PROTOTYPES = YES;
				CLANG_WARN_SUSPICIOUS_MOVE = YES;
				CLANG_WARN_UNGUARDED_AVAILABILITY = YES_AGGRESSIVE;
				CLANG_WARN_UNREACHABLE_CODE = YES;
				CLANG_WARN__DUPLICATE_METHOD_MATCH = YES;
				COPY_PHASE_STRIP = NO;
				DEBUG_INFORMATION_FORMAT = dwarf;
				ENABLE_STRICT_OBJC_MSGSEND = YES;
				ENABLE_TESTABILITY = YES;
				GCC_C_LANGUAGE_STANDARD = gnu11;
				GCC_DYNAMIC_NO_PIC = NO;
				GCC_NO_COMMON_BLOCKS = YES;
				GCC_OPTIMIZATION_LEVEL = 0;
				GCC_PREPROCESSOR_DEFINITIONS = (
					"DEBUG=1",
					"$(inherited)",
				);
				GCC_WARN_64_TO_32_BIT_CONVERSION = YES;
				GCC_WARN_ABOUT_RETURN_TYPE = YES_ERROR;
				GCC_WARN_UNDECLARED_SELECTOR = YES;
				GCC_WARN_UNINITIALIZED_AUTOS = YES_AGGRESSIVE;
				GCC_WARN_UNUSED_FUNCTION = YES;
				GCC_WARN_UNUSED_VARIABLE = YES;
				IPHONEOS_DEPLOYMENT_TARGET = 14.5;
				MTL_ENABLE_DEBUG_INFO = INCLUDE_SOURCE;
				MTL_FAST_MATH = YES;
				ONLY_ACTIVE_ARCH = YES;
				SDKROOT = iphoneos;
				SWIFT_ACTIVE_COMPILATION_CONDITIONS = DEBUG;
				SWIFT_OPTIMIZATION_LEVEL = "-Onone";
			};
			name = Debug;
		};
		49A167CC2678961D009656AE /* Release */ = {
			isa = XCBuildConfiguration;
			buildSettings = {
				ALWAYS_SEARCH_USER_PATHS = NO;
				CLANG_ANALYZER_NONNULL = YES;
				CLANG_ANALYZER_NUMBER_OBJECT_CONVERSION = YES_AGGRESSIVE;
				CLANG_CXX_LANGUAGE_STANDARD = "gnu++14";
				CLANG_CXX_LIBRARY = "libc++";
				CLANG_ENABLE_MODULES = YES;
				CLANG_ENABLE_OBJC_ARC = YES;
				CLANG_ENABLE_OBJC_WEAK = YES;
				CLANG_WARN_BLOCK_CAPTURE_AUTORELEASING = YES;
				CLANG_WARN_BOOL_CONVERSION = YES;
				CLANG_WARN_COMMA = YES;
				CLANG_WARN_CONSTANT_CONVERSION = YES;
				CLANG_WARN_DEPRECATED_OBJC_IMPLEMENTATIONS = YES;
				CLANG_WARN_DIRECT_OBJC_ISA_USAGE = YES_ERROR;
				CLANG_WARN_DOCUMENTATION_COMMENTS = YES;
				CLANG_WARN_EMPTY_BODY = YES;
				CLANG_WARN_ENUM_CONVERSION = YES;
				CLANG_WARN_INFINITE_RECURSION = YES;
				CLANG_WARN_INT_CONVERSION = YES;
				CLANG_WARN_NON_LITERAL_NULL_CONVERSION = YES;
				CLANG_WARN_OBJC_IMPLICIT_RETAIN_SELF = YES;
				CLANG_WARN_OBJC_LITERAL_CONVERSION = YES;
				CLANG_WARN_OBJC_ROOT_CLASS = YES_ERROR;
				CLANG_WARN_QUOTED_INCLUDE_IN_FRAMEWORK_HEADER = YES;
				CLANG_WARN_RANGE_LOOP_ANALYSIS = YES;
				CLANG_WARN_STRICT_PROTOTYPES = YES;
				CLANG_WARN_SUSPICIOUS_MOVE = YES;
				CLANG_WARN_UNGUARDED_AVAILABILITY = YES_AGGRESSIVE;
				CLANG_WARN_UNREACHABLE_CODE = YES;
				CLANG_WARN__DUPLICATE_METHOD_MATCH = YES;
				COPY_PHASE_STRIP = NO;
				DEBUG_INFORMATION_FORMAT = "dwarf-with-dsym";
				ENABLE_NS_ASSERTIONS = NO;
				ENABLE_STRICT_OBJC_MSGSEND = YES;
				GCC_C_LANGUAGE_STANDARD = gnu11;
				GCC_NO_COMMON_BLOCKS = YES;
				GCC_WARN_64_TO_32_BIT_CONVERSION = YES;
				GCC_WARN_ABOUT_RETURN_TYPE = YES_ERROR;
				GCC_WARN_UNDECLARED_SELECTOR = YES;
				GCC_WARN_UNINITIALIZED_AUTOS = YES_AGGRESSIVE;
				GCC_WARN_UNUSED_FUNCTION = YES;
				GCC_WARN_UNUSED_VARIABLE = YES;
				IPHONEOS_DEPLOYMENT_TARGET = 14.5;
				MTL_ENABLE_DEBUG_INFO = NO;
				MTL_FAST_MATH = YES;
				SDKROOT = iphoneos;
				SWIFT_COMPILATION_MODE = wholemodule;
				SWIFT_OPTIMIZATION_LEVEL = "-O";
				VALIDATE_PRODUCT = YES;
			};
			name = Release;
		};
		49A167CE2678961D009656AE /* Debug */ = {
			isa = XCBuildConfiguration;
			baseConfigurationReference = 63E0992474B9208D1273C9CB /* Pods-VKFeed.debug.xcconfig */;
			buildSettings = {
				ASSETCATALOG_COMPILER_APPICON_NAME = AppIcon;
				ASSETCATALOG_COMPILER_GLOBAL_ACCENT_COLOR_NAME = AccentColor;
				CODE_SIGN_STYLE = Automatic;
				DEVELOPMENT_TEAM = 4LU2BMBADH;
				INFOPLIST_FILE = VKFeed/Info.plist;
				LD_RUNPATH_SEARCH_PATHS = (
					"$(inherited)",
					"@executable_path/Frameworks",
				);
				PRODUCT_BUNDLE_IDENTIFIER = Tambanco.VKFeed;
				PRODUCT_NAME = "$(TARGET_NAME)";
				SWIFT_VERSION = 5.0;
				TARGETED_DEVICE_FAMILY = "1,2";
			};
			name = Debug;
		};
		49A167CF2678961D009656AE /* Release */ = {
			isa = XCBuildConfiguration;
			baseConfigurationReference = 52E5B665732C0B854881594A /* Pods-VKFeed.release.xcconfig */;
			buildSettings = {
				ASSETCATALOG_COMPILER_APPICON_NAME = AppIcon;
				ASSETCATALOG_COMPILER_GLOBAL_ACCENT_COLOR_NAME = AccentColor;
				CODE_SIGN_STYLE = Automatic;
				DEVELOPMENT_TEAM = 4LU2BMBADH;
				INFOPLIST_FILE = VKFeed/Info.plist;
				LD_RUNPATH_SEARCH_PATHS = (
					"$(inherited)",
					"@executable_path/Frameworks",
				);
				PRODUCT_BUNDLE_IDENTIFIER = Tambanco.VKFeed;
				PRODUCT_NAME = "$(TARGET_NAME)";
				SWIFT_VERSION = 5.0;
				TARGETED_DEVICE_FAMILY = "1,2";
			};
			name = Release;
		};
/* End XCBuildConfiguration section */

/* Begin XCConfigurationList section */
		49A167B42678961C009656AE /* Build configuration list for PBXProject "VKFeed" */ = {
			isa = XCConfigurationList;
			buildConfigurations = (
				49A167CB2678961D009656AE /* Debug */,
				49A167CC2678961D009656AE /* Release */,
			);
			defaultConfigurationIsVisible = 0;
			defaultConfigurationName = Release;
		};
		49A167CD2678961D009656AE /* Build configuration list for PBXNativeTarget "VKFeed" */ = {
			isa = XCConfigurationList;
			buildConfigurations = (
				49A167CE2678961D009656AE /* Debug */,
				49A167CF2678961D009656AE /* Release */,
			);
			defaultConfigurationIsVisible = 0;
			defaultConfigurationName = Release;
		};
/* End XCConfigurationList section */
	};
	rootObject = 49A167B12678961C009656AE /* Project object */;
}
